
Microsoft Visual Studio Solution File, Format Version 12.00
# Visual Studio 15
VisualStudioVersion = 15.0.28010.2016
MinimumVisualStudioVersion = 10.0.40219.1
Project("{9A19103F-16F7-4668-BE54-9A1E7A4F7556}") = "FreeskiDb.WebApi", "FreeskiDb.WebApi\FreeskiDb.WebApi.csproj", "{317F626E-D29A-4666-8CD8-91275B8E9ECF}"
EndProject
Project("{9A19103F-16F7-4668-BE54-9A1E7A4F7556}") = "Test.FreeskiDb.WebApi", "Test.FreeskiDb.WebApi\Test.FreeskiDb.WebApi.csproj", "{559EEDFA-E98A-4081-8127-F21951459A85}"
EndProject
Project("{FAE04EC0-301F-11D3-BF4B-00C04F79EFBC}") = "FreeskiDb.Persistence", "FreeskiDb.Persistence\FreeskiDb.Persistence.csproj", "{208BAE13-08F7-4DD0-B7BD-FB8E11A42BAA}"
EndProject
Global
	GlobalSection(SolutionConfigurationPlatforms) = preSolution
		Debug|Any CPU = Debug|Any CPU
		Release|Any CPU = Release|Any CPU
	EndGlobalSection
	GlobalSection(ProjectConfigurationPlatforms) = postSolution
		{317F626E-D29A-4666-8CD8-91275B8E9ECF}.Debug|Any CPU.ActiveCfg = Debug|Any CPU
		{317F626E-D29A-4666-8CD8-91275B8E9ECF}.Debug|Any CPU.Build.0 = Debug|Any CPU
		{317F626E-D29A-4666-8CD8-91275B8E9ECF}.Release|Any CPU.ActiveCfg = Release|Any CPU
		{317F626E-D29A-4666-8CD8-91275B8E9ECF}.Release|Any CPU.Build.0 = Release|Any CPU
		{559EEDFA-E98A-4081-8127-F21951459A85}.Debug|Any CPU.ActiveCfg = Debug|Any CPU
		{559EEDFA-E98A-4081-8127-F21951459A85}.Debug|Any CPU.Build.0 = Debug|Any CPU
		{559EEDFA-E98A-4081-8127-F21951459A85}.Release|Any CPU.ActiveCfg = Release|Any CPU
		{559EEDFA-E98A-4081-8127-F21951459A85}.Release|Any CPU.Build.0 = Release|Any CPU
		{208BAE13-08F7-4DD0-B7BD-FB8E11A42BAA}.Debug|Any CPU.ActiveCfg = Debug|Any CPU
		{208BAE13-08F7-4DD0-B7BD-FB8E11A42BAA}.Debug|Any CPU.Build.0 = Debug|Any CPU
		{208BAE13-08F7-4DD0-B7BD-FB8E11A42BAA}.Release|Any CPU.ActiveCfg = Release|Any CPU
		{208BAE13-08F7-4DD0-B7BD-FB8E11A42BAA}.Release|Any CPU.Build.0 = Release|Any CPU
	EndGlobalSection
	GlobalSection(SolutionProperties) = preSolution
		HideSolutionNode = FALSE
	EndGlobalSection
	GlobalSection(ExtensibilityGlobals) = postSolution
		SolutionGuid = {A220B8C1-1025-497E-98F9-53EC6D0BEA57}
	EndGlobalSection
EndGlobal
