
Microsoft Visual Studio Solution File, Format Version 12.00
# Visual Studio 15
VisualStudioVersion = 15.0.28010.2016
MinimumVisualStudioVersion = 10.0.40219.1
Project("{9A19103F-16F7-4668-BE54-9A1E7A4F7556}") = "FreeskiDb.WebApi", "FreeskiDb-WebApi\FreeskiDb.WebApi.csproj", "{EC79A398-EA13-484A-83B2-9B587C1D8EB5}"
EndProject
Global
	GlobalSection(SolutionConfigurationPlatforms) = preSolution
		Debug|Any CPU = Debug|Any CPU
		Release|Any CPU = Release|Any CPU
	EndGlobalSection
	GlobalSection(ProjectConfigurationPlatforms) = postSolution
		{EC79A398-EA13-484A-83B2-9B587C1D8EB5}.Debug|Any CPU.ActiveCfg = Debug|Any CPU
		{EC79A398-EA13-484A-83B2-9B587C1D8EB5}.Debug|Any CPU.Build.0 = Debug|Any CPU
		{EC79A398-EA13-484A-83B2-9B587C1D8EB5}.Release|Any CPU.ActiveCfg = Release|Any CPU
		{EC79A398-EA13-484A-83B2-9B587C1D8EB5}.Release|Any CPU.Build.0 = Release|Any CPU
	EndGlobalSection
	GlobalSection(SolutionProperties) = preSolution
		HideSolutionNode = FALSE
	EndGlobalSection
	GlobalSection(ExtensibilityGlobals) = postSolution
		SolutionGuid = {A220B8C1-1025-497E-98F9-53EC6D0BEA57}
	EndGlobalSection
EndGlobal
