
Microsoft Visual Studio Solution File, Format Version 12.00
# Visual Studio 15
VisualStudioVersion = 15.0.28010.2016
MinimumVisualStudioVersion = 10.0.40219.1
Project("{9A19103F-16F7-4668-BE54-9A1E7A4F7556}") = "FreeskiDb.WebApi", "src\FreeskiDb.WebApi\FreeskiDb.WebApi.csproj", "{C9A33EF0-92D4-4317-9BF8-AC25C78F3289}"
EndProject
Project("{9A19103F-16F7-4668-BE54-9A1E7A4F7556}") = "FreeskiDb.Persistence", "src\FreeskiDb.Persistence\FreeskiDb.Persistence.csproj", "{D6160D17-EF53-46E1-B6C7-CD1271C2F7D7}"
EndProject
Project("{9A19103F-16F7-4668-BE54-9A1E7A4F7556}") = "Test.FreeskiDb.WebApi", "src\Test.FreeskiDb.WebApi\Test.FreeskiDb.WebApi.csproj", "{0EB3F422-9F14-4528-A2EA-CE96441EAADF}"
EndProject
Global
	GlobalSection(SolutionConfigurationPlatforms) = preSolution
		Debug|Any CPU = Debug|Any CPU
		Release|Any CPU = Release|Any CPU
	EndGlobalSection
	GlobalSection(ProjectConfigurationPlatforms) = postSolution
		{C9A33EF0-92D4-4317-9BF8-AC25C78F3289}.Debug|Any CPU.ActiveCfg = Debug|Any CPU
		{C9A33EF0-92D4-4317-9BF8-AC25C78F3289}.Debug|Any CPU.Build.0 = Debug|Any CPU
		{C9A33EF0-92D4-4317-9BF8-AC25C78F3289}.Release|Any CPU.ActiveCfg = Release|Any CPU
		{C9A33EF0-92D4-4317-9BF8-AC25C78F3289}.Release|Any CPU.Build.0 = Release|Any CPU
		{D6160D17-EF53-46E1-B6C7-CD1271C2F7D7}.Debug|Any CPU.ActiveCfg = Debug|Any CPU
		{D6160D17-EF53-46E1-B6C7-CD1271C2F7D7}.Debug|Any CPU.Build.0 = Debug|Any CPU
		{D6160D17-EF53-46E1-B6C7-CD1271C2F7D7}.Release|Any CPU.ActiveCfg = Release|Any CPU
		{D6160D17-EF53-46E1-B6C7-CD1271C2F7D7}.Release|Any CPU.Build.0 = Release|Any CPU
		{0EB3F422-9F14-4528-A2EA-CE96441EAADF}.Debug|Any CPU.ActiveCfg = Debug|Any CPU
		{0EB3F422-9F14-4528-A2EA-CE96441EAADF}.Debug|Any CPU.Build.0 = Debug|Any CPU
		{0EB3F422-9F14-4528-A2EA-CE96441EAADF}.Release|Any CPU.ActiveCfg = Release|Any CPU
		{0EB3F422-9F14-4528-A2EA-CE96441EAADF}.Release|Any CPU.Build.0 = Release|Any CPU
	EndGlobalSection
	GlobalSection(SolutionProperties) = preSolution
		HideSolutionNode = FALSE
	EndGlobalSection
	GlobalSection(ExtensibilityGlobals) = postSolution
		SolutionGuid = {A220B8C1-1025-497E-98F9-53EC6D0BEA57}
	EndGlobalSection
EndGlobal
